
Microsoft Visual Studio Solution File, Format Version 12.00
# Visual Studio Version 17
VisualStudioVersion = 17.9.34728.123
MinimumVisualStudioVersion = 10.0.40219.1
Project("{FAE04EC0-301F-11D3-BF4B-00C04F79EFBC}") = "MAUIEFCoreSQLite", "MAUIEFCoreSQLite\MAUIEFCoreSQLite.csproj", "{2291C6CE-59FF-47AD-971E-BABFFF182003}"
EndProject
Global
	GlobalSection(SolutionConfigurationPlatforms) = preSolution
		Debug|Any CPU = Debug|Any CPU
		Release|Any CPU = Release|Any CPU
	EndGlobalSection
	GlobalSection(ProjectConfigurationPlatforms) = postSolution
		{2291C6CE-59FF-47AD-971E-BABFFF182003}.Debug|Any CPU.ActiveCfg = Debug|Any CPU
		{2291C6CE-59FF-47AD-971E-BABFFF182003}.Debug|Any CPU.Build.0 = Debug|Any CPU
		{2291C6CE-59FF-47AD-971E-BABFFF182003}.Debug|Any CPU.Deploy.0 = Debug|Any CPU
		{2291C6CE-59FF-47AD-971E-BABFFF182003}.Release|Any CPU.ActiveCfg = Release|Any CPU
		{2291C6CE-59FF-47AD-971E-BABFFF182003}.Release|Any CPU.Build.0 = Release|Any CPU
		{2291C6CE-59FF-47AD-971E-BABFFF182003}.Release|Any CPU.Deploy.0 = Release|Any CPU
	EndGlobalSection
	GlobalSection(SolutionProperties) = preSolution
		HideSolutionNode = FALSE
	EndGlobalSection
	GlobalSection(ExtensibilityGlobals) = postSolution
		SolutionGuid = {1B78FDD5-A93B-48A1-8E01-761937510258}
	EndGlobalSection
EndGlobal
